
Microsoft Visual Studio Solution File, Format Version 12.00
# Visual Studio 15
Project("{FAE04EC0-301F-11D3-BF4B-00C04F79EFBC}") = "MyGOAPDemo", "Assembly-CSharp.csproj", "{BE456BBE-5ACE-99C2-B902-5A8029983608}"
EndProject
Global
	GlobalSection(SolutionConfigurationPlatforms) = preSolution
		Debug|Any CPU = Debug|Any CPU
		Release|Any CPU = Release|Any CPU
	EndGlobalSection
	GlobalSection(ProjectConfigurationPlatforms) = postSolution
		{BE456BBE-5ACE-99C2-B902-5A8029983608}.Debug|Any CPU.ActiveCfg = Debug|Any CPU
		{BE456BBE-5ACE-99C2-B902-5A8029983608}.Debug|Any CPU.Build.0 = Debug|Any CPU
		{BE456BBE-5ACE-99C2-B902-5A8029983608}.Release|Any CPU.ActiveCfg = Release|Any CPU
		{BE456BBE-5ACE-99C2-B902-5A8029983608}.Release|Any CPU.Build.0 = Release|Any CPU
	EndGlobalSection
	GlobalSection(SolutionProperties) = preSolution
		HideSolutionNode = FALSE
	EndGlobalSection
EndGlobal
